[[package]]
category = "main"
description = "Fast and simple WSGI-framework for small web-applications."
name = "bottle"
optional = false
python-versions = "*"
version = "0.12.19"

[[package]]
category = "main"
description = "Simple library for color and formatting to terminal"
name = "colored"
optional = false
python-versions = "*"
version = "1.4.2"

[metadata]
content-hash = "de19e614f34d67cb9d03441d83d86e3368b88fda804d8cbd40bffa56cc4c44e5"
python-versions = "^3.8"

[metadata.files]
bottle = [
    {file = "bottle-0.12.19-py3-none-any.whl", hash = "sha256:f6b8a34fe9aa406f9813c02990db72ca69ce6a158b5b156d2c41f345016a723d"},
    {file = "bottle-0.12.19.tar.gz", hash = "sha256:a9d73ffcbc6a1345ca2d7949638db46349f5b2b77dac65d6494d45c23628da2c"},
]
colored = [
    {file = "colored-1.4.2.tar.gz", hash = "sha256:056fac09d9e39b34296e7618897ed1b8c274f98423770c2980d829fd670955ed"},
]
